
Microsoft Visual Studio Solution File, Format Version 12.00
# Visual Studio Version 17
VisualStudioVersion = 17.9.34607.119
MinimumVisualStudioVersion = 10.0.40219.1
Project("{FAE04EC0-301F-11D3-BF4B-00C04F79EFBC}") = "ProductManagementAPI", "ProductManagementAPI.csproj", "{13161096-4D48-4F4C-83CF-893F4BFBFD98}"
EndProject
Global
	GlobalSection(SolutionConfigurationPlatforms) = preSolution
		Debug|Any CPU = Debug|Any CPU
		Release|Any CPU = Release|Any CPU
	EndGlobalSection
	GlobalSection(ProjectConfigurationPlatforms) = postSolution
		{13161096-4D48-4F4C-83CF-893F4BFBFD98}.Debug|Any CPU.ActiveCfg = Debug|Any CPU
		{13161096-4D48-4F4C-83CF-893F4BFBFD98}.Debug|Any CPU.Build.0 = Debug|Any CPU
		{13161096-4D48-4F4C-83CF-893F4BFBFD98}.Release|Any CPU.ActiveCfg = Release|Any CPU
		{13161096-4D48-4F4C-83CF-893F4BFBFD98}.Release|Any CPU.Build.0 = Release|Any CPU
	EndGlobalSection
	GlobalSection(SolutionProperties) = preSolution
		HideSolutionNode = FALSE
	EndGlobalSection
	GlobalSection(ExtensibilityGlobals) = postSolution
		SolutionGuid = {CF9A5E54-2ECF-4D43-BE1F-3E004DC429FD}
	EndGlobalSection
EndGlobal
